// !$*UTF8*$!
{
	archiveVersion = 1;
	classes = {
	};
	objectVersion = 46;
	objects = {

/* Begin PBXBuildFile section */
		6505F0981E3E7E650065D0A7 /* DailyQuote.swift in Sources */ = {isa = PBXBuildFile; fileRef = 6505F0971E3E7E650065D0A7 /* DailyQuote.swift */; };
		651B09AE1E3E30A6009075A9 /* Main.storyboard in Resources */ = {isa = PBXBuildFile; fileRef = 651B09AD1E3E30A6009075A9 /* Main.storyboard */; };
		651B09BB1E3E3D7F009075A9 /* WeekIntro2.swift in Sources */ = {isa = PBXBuildFile; fileRef = 651B09B71E3E3D7F009075A9 /* WeekIntro2.swift */; };
		651B09BC1E3E3D7F009075A9 /* WeekExercises2.swift in Sources */ = {isa = PBXBuildFile; fileRef = 651B09B81E3E3D7F009075A9 /* WeekExercises2.swift */; };
		651B09BE1E3E3D7F009075A9 /* WeekAdditional2.swift in Sources */ = {isa = PBXBuildFile; fileRef = 651B09BA1E3E3D7F009075A9 /* WeekAdditional2.swift */; };
		651B09C31E3E3DFB009075A9 /* WeekIntro1.swift in Sources */ = {isa = PBXBuildFile; fileRef = 651B09BF1E3E3DFB009075A9 /* WeekIntro1.swift */; };
		651B09C41E3E3DFB009075A9 /* WeekExercises1.swift in Sources */ = {isa = PBXBuildFile; fileRef = 651B09C01E3E3DFB009075A9 /* WeekExercises1.swift */; };
		651B09C51E3E3DFB009075A9 /* WeekMain.swift in Sources */ = {isa = PBXBuildFile; fileRef = 651B09C11E3E3DFB009075A9 /* WeekMain.swift */; };
		651B09C61E3E3DFB009075A9 /* WeekAdditional1.swift in Sources */ = {isa = PBXBuildFile; fileRef = 651B09C21E3E3DFB009075A9 /* WeekAdditional1.swift */; };
		6561BAB01E39514000B468BA /* Week 3.html in Resources */ = {isa = PBXBuildFile; fileRef = 6561BAAF1E39514000B468BA /* Week 3.html */; };
		656C58CA1E391CB8009285B7 /* SideMenuVC.swift in Sources */ = {isa = PBXBuildFile; fileRef = 656C58C91E391CB8009285B7 /* SideMenuVC.swift */; };
		656C58CC1E391D60009285B7 /* MenuTableVC.swift in Sources */ = {isa = PBXBuildFile; fileRef = 656C58CB1E391D60009285B7 /* MenuTableVC.swift */; };
		656C58D01E393EC7009285B7 /* Week 1.html in Resources */ = {isa = PBXBuildFile; fileRef = 656C58CF1E393EC7009285B7 /* Week 1.html */; };
		657065B01E3951050029239E /* Week 2.html in Resources */ = {isa = PBXBuildFile; fileRef = 657065AF1E3951050029239E /* Week 2.html */; };
		65788EE41E37DA8300A6AC6A /* AppDelegate.swift in Sources */ = {isa = PBXBuildFile; fileRef = 65788EE31E37DA8300A6AC6A /* AppDelegate.swift */; };
		65788EE61E37DA8300A6AC6A /* MainVC.swift in Sources */ = {isa = PBXBuildFile; fileRef = 65788EE51E37DA8300A6AC6A /* MainVC.swift */; };
		65788EEC1E37DA8300A6AC6A /* Mindfulness_Niels.xcdatamodeld in Sources */ = {isa = PBXBuildFile; fileRef = 65788EEA1E37DA8300A6AC6A /* Mindfulness_Niels.xcdatamodeld */; };
		65788EEE1E37DA8300A6AC6A /* Assets.xcassets in Resources */ = {isa = PBXBuildFile; fileRef = 65788EED1E37DA8300A6AC6A /* Assets.xcassets */; };
		65788EF11E37DA8300A6AC6A /* LaunchScreen.storyboard in Resources */ = {isa = PBXBuildFile; fileRef = 65788EEF1E37DA8300A6AC6A /* LaunchScreen.storyboard */; };
		6592995A1E395907001B9B10 /* CustomView.swift in Sources */ = {isa = PBXBuildFile; fileRef = 659299591E395907001B9B10 /* CustomView.swift */; };
		659934A11E3E267F004C2ADF /* ScheduleTableVC.swift in Sources */ = {isa = PBXBuildFile; fileRef = 659934A01E3E267F004C2ADF /* ScheduleTableVC.swift */; };
		65B6246F1E3FE02000A89488 /* 22 De soldaat.mp3 in Resources */ = {isa = PBXBuildFile; fileRef = 65B6246E1E3FE02000A89488 /* 22 De soldaat.mp3 */; };
		65D452C51E3FBE0A0023EAA9 /* AudioPlayerVC.swift in Sources */ = {isa = PBXBuildFile; fileRef = 65D452C41E3FBE0A0023EAA9 /* AudioPlayerVC.swift */; };
		65D452C91E3FCD180023EAA9 /* 10. Mindfulness of the Breath.mp3 in Resources */ = {isa = PBXBuildFile; fileRef = 65D452C61E3FCD180023EAA9 /* 10. Mindfulness of the Breath.mp3 */; };
		65D452CA1E3FCD180023EAA9 /* 11.  Mindfulness of breathing and body mediation.mp3 in Resources */ = {isa = PBXBuildFile; fileRef = 65D452C71E3FCD180023EAA9 /* 11.  Mindfulness of breathing and body mediation.mp3 */; };
		65D452CD1E3FCEE10023EAA9 /* AVFoundation.framework in Frameworks */ = {isa = PBXBuildFile; fileRef = 65D452CC1E3FCEE10023EAA9 /* AVFoundation.framework */; };
		65DE95521E3CD7A600A569D1 /* Quotes.txt in Resources */ = {isa = PBXBuildFile; fileRef = 65DE95511E3CD7A600A569D1 /* Quotes.txt */; };
		65DE95541E3CD9BC00A569D1 /* CustomQuote.swift in Sources */ = {isa = PBXBuildFile; fileRef = 65DE95531E3CD9BC00A569D1 /* CustomQuote.swift */; };
		65DE95561E3CDC4A00A569D1 /* QuotesAuthors.txt in Resources */ = {isa = PBXBuildFile; fileRef = 65DE95551E3CDC4A00A569D1 /* QuotesAuthors.txt */; };
		65DE95581E3CDC9C00A569D1 /* Week 4.html in Resources */ = {isa = PBXBuildFile; fileRef = 65DE95571E3CDC9C00A569D1 /* Week 4.html */; };
		65DE955A1E3CDCA700A569D1 /* Week 5.html in Resources */ = {isa = PBXBuildFile; fileRef = 65DE95591E3CDCA700A569D1 /* Week 5.html */; };
		65DE955C1E3CDCB300A569D1 /* Week 6.html in Resources */ = {isa = PBXBuildFile; fileRef = 65DE955B1E3CDCB300A569D1 /* Week 6.html */; };
		65DE955E1E3CDCC000A569D1 /* Week 7.html in Resources */ = {isa = PBXBuildFile; fileRef = 65DE955D1E3CDCC000A569D1 /* Week 7.html */; };
		65DE95601E3CDCCB00A569D1 /* Week 8.html in Resources */ = {isa = PBXBuildFile; fileRef = 65DE955F1E3CDCCB00A569D1 /* Week 8.html */; };
		65DE956D1E3D277800A569D1 /* SharedVars.swift in Sources */ = {isa = PBXBuildFile; fileRef = 65DE956C1E3D277800A569D1 /* SharedVars.swift */; };
		65E337C41E3E8430001FFE30 /* SegmentedControl.swift in Sources */ = {isa = PBXBuildFile; fileRef = 65E337C31E3E8430001FFE30 /* SegmentedControl.swift */; };
		95067312A9A2FF60ED238C66 /* Pods_Mindfulness_Niels.framework in Frameworks */ = {isa = PBXBuildFile; fileRef = FD573AA54512CCB2557DD9D6 /* Pods_Mindfulness_Niels.framework */; };
/* End PBXBuildFile section */

/* Begin PBXFileReference section */
		6505F0971E3E7E650065D0A7 /* DailyQuote.swift */ = {isa = PBXFileReference; fileEncoding = 4; lastKnownFileType = sourcecode.swift; path = DailyQuote.swift; sourceTree = "<group>"; };
		651B09AD1E3E30A6009075A9 /* Main.storyboard */ = {isa = PBXFileReference; fileEncoding = 4; lastKnownFileType = file.storyboard; path = Main.storyboard; sourceTree = "<group>"; };
		651B09B71E3E3D7F009075A9 /* WeekIntro2.swift */ = {isa = PBXFileReference; fileEncoding = 4; lastKnownFileType = sourcecode.swift; path = WeekIntro2.swift; sourceTree = "<group>"; };
		651B09B81E3E3D7F009075A9 /* WeekExercises2.swift */ = {isa = PBXFileReference; fileEncoding = 4; lastKnownFileType = sourcecode.swift; path = WeekExercises2.swift; sourceTree = "<group>"; };
		651B09BA1E3E3D7F009075A9 /* WeekAdditional2.swift */ = {isa = PBXFileReference; fileEncoding = 4; lastKnownFileType = sourcecode.swift; path = WeekAdditional2.swift; sourceTree = "<group>"; };
		651B09BF1E3E3DFB009075A9 /* WeekIntro1.swift */ = {isa = PBXFileReference; fileEncoding = 4; lastKnownFileType = sourcecode.swift; path = WeekIntro1.swift; sourceTree = "<group>"; };
		651B09C01E3E3DFB009075A9 /* WeekExercises1.swift */ = {isa = PBXFileReference; fileEncoding = 4; lastKnownFileType = sourcecode.swift; path = WeekExercises1.swift; sourceTree = "<group>"; };
		651B09C11E3E3DFB009075A9 /* WeekMain.swift */ = {isa = PBXFileReference; fileEncoding = 4; lastKnownFileType = sourcecode.swift; path = WeekMain.swift; sourceTree = "<group>"; };
		651B09C21E3E3DFB009075A9 /* WeekAdditional1.swift */ = {isa = PBXFileReference; fileEncoding = 4; lastKnownFileType = sourcecode.swift; path = WeekAdditional1.swift; sourceTree = "<group>"; };
		6561BAAF1E39514000B468BA /* Week 3.html */ = {isa = PBXFileReference; fileEncoding = 4; lastKnownFileType = text.html; path = "Week 3.html"; sourceTree = "<group>"; };
		656C58C91E391CB8009285B7 /* SideMenuVC.swift */ = {isa = PBXFileReference; fileEncoding = 4; lastKnownFileType = sourcecode.swift; path = SideMenuVC.swift; sourceTree = "<group>"; };
		656C58CB1E391D60009285B7 /* MenuTableVC.swift */ = {isa = PBXFileReference; fileEncoding = 4; lastKnownFileType = sourcecode.swift; path = MenuTableVC.swift; sourceTree = "<group>"; };
		656C58CF1E393EC7009285B7 /* Week 1.html */ = {isa = PBXFileReference; fileEncoding = 4; lastKnownFileType = text.html; path = "Week 1.html"; sourceTree = "<group>"; };
		657065AF1E3951050029239E /* Week 2.html */ = {isa = PBXFileReference; fileEncoding = 4; lastKnownFileType = text.html; path = "Week 2.html"; sourceTree = "<group>"; };
		65788EE01E37DA8300A6AC6A /* Mindfulness Niels.app */ = {isa = PBXFileReference; explicitFileType = wrapper.application; includeInIndex = 0; path = "Mindfulness Niels.app"; sourceTree = BUILT_PRODUCTS_DIR; };
		65788EE31E37DA8300A6AC6A /* AppDelegate.swift */ = {isa = PBXFileReference; lastKnownFileType = sourcecode.swift; path = AppDelegate.swift; sourceTree = "<group>"; };
		65788EE51E37DA8300A6AC6A /* MainVC.swift */ = {isa = PBXFileReference; lastKnownFileType = sourcecode.swift; path = MainVC.swift; sourceTree = "<group>"; };
		65788EEB1E37DA8300A6AC6A /* Mindfulness_Niels.xcdatamodel */ = {isa = PBXFileReference; lastKnownFileType = wrapper.xcdatamodel; path = Mindfulness_Niels.xcdatamodel; sourceTree = "<group>"; };
		65788EED1E37DA8300A6AC6A /* Assets.xcassets */ = {isa = PBXFileReference; lastKnownFileType = folder.assetcatalog; path = Assets.xcassets; sourceTree = "<group>"; };
		65788EF01E37DA8300A6AC6A /* Base */ = {isa = PBXFileReference; lastKnownFileType = file.storyboard; name = Base; path = Base.lproj/LaunchScreen.storyboard; sourceTree = "<group>"; };
		65788EF21E37DA8300A6AC6A /* Info.plist */ = {isa = PBXFileReference; lastKnownFileType = text.plist.xml; path = Info.plist; sourceTree = "<group>"; };
		659299591E395907001B9B10 /* CustomView.swift */ = {isa = PBXFileReference; fileEncoding = 4; lastKnownFileType = sourcecode.swift; path = CustomView.swift; sourceTree = "<group>"; };
		659934A01E3E267F004C2ADF /* ScheduleTableVC.swift */ = {isa = PBXFileReference; fileEncoding = 4; lastKnownFileType = sourcecode.swift; path = ScheduleTableVC.swift; sourceTree = "<group>"; };
		65B6246E1E3FE02000A89488 /* 22 De soldaat.mp3 */ = {isa = PBXFileReference; lastKnownFileType = audio.mp3; name = "22 De soldaat.mp3"; path = "../../../../Music/iTunes/iTunes Media/Music/Nick & Simon/Altijd Dichtbij (Live)/22 De soldaat.mp3"; sourceTree = "<group>"; };
		65D452C41E3FBE0A0023EAA9 /* AudioPlayerVC.swift */ = {isa = PBXFileReference; fileEncoding = 4; lastKnownFileType = sourcecode.swift; path = AudioPlayerVC.swift; sourceTree = "<group>"; };
		65D452C61E3FCD180023EAA9 /* 10. Mindfulness of the Breath.mp3 */ = {isa = PBXFileReference; lastKnownFileType = audio.mp3; path = "10. Mindfulness of the Breath.mp3"; sourceTree = "<group>"; };
		65D452C71E3FCD180023EAA9 /* 11.  Mindfulness of breathing and body mediation.mp3 */ = {isa = PBXFileReference; lastKnownFileType = audio.mp3; path = "11.  Mindfulness of breathing and body mediation.mp3"; sourceTree = "<group>"; };
		65D452CC1E3FCEE10023EAA9 /* AVFoundation.framework */ = {isa = PBXFileReference; lastKnownFileType = wrapper.framework; name = AVFoundation.framework; path = System/Library/Frameworks/AVFoundation.framework; sourceTree = SDKROOT; };
		65DE95511E3CD7A600A569D1 /* Quotes.txt */ = {isa = PBXFileReference; fileEncoding = 4; lastKnownFileType = text; path = Quotes.txt; sourceTree = "<group>"; };
		65DE95531E3CD9BC00A569D1 /* CustomQuote.swift */ = {isa = PBXFileReference; fileEncoding = 4; lastKnownFileType = sourcecode.swift; path = CustomQuote.swift; sourceTree = "<group>"; };
		65DE95551E3CDC4A00A569D1 /* QuotesAuthors.txt */ = {isa = PBXFileReference; fileEncoding = 4; lastKnownFileType = text; path = QuotesAuthors.txt; sourceTree = "<group>"; };
		65DE95571E3CDC9C00A569D1 /* Week 4.html */ = {isa = PBXFileReference; fileEncoding = 4; lastKnownFileType = text.html; path = "Week 4.html"; sourceTree = "<group>"; };
		65DE95591E3CDCA700A569D1 /* Week 5.html */ = {isa = PBXFileReference; fileEncoding = 4; lastKnownFileType = text.html; path = "Week 5.html"; sourceTree = "<group>"; };
		65DE955B1E3CDCB300A569D1 /* Week 6.html */ = {isa = PBXFileReference; fileEncoding = 4; lastKnownFileType = text.html; path = "Week 6.html"; sourceTree = "<group>"; };
		65DE955D1E3CDCC000A569D1 /* Week 7.html */ = {isa = PBXFileReference; fileEncoding = 4; lastKnownFileType = text.html; path = "Week 7.html"; sourceTree = "<group>"; };
		65DE955F1E3CDCCB00A569D1 /* Week 8.html */ = {isa = PBXFileReference; fileEncoding = 4; lastKnownFileType = text.html; path = "Week 8.html"; sourceTree = "<group>"; };
		65DE956C1E3D277800A569D1 /* SharedVars.swift */ = {isa = PBXFileReference; fileEncoding = 4; lastKnownFileType = sourcecode.swift; path = SharedVars.swift; sourceTree = "<group>"; };
		65E337C31E3E8430001FFE30 /* SegmentedControl.swift */ = {isa = PBXFileReference; fileEncoding = 4; lastKnownFileType = sourcecode.swift; path = SegmentedControl.swift; sourceTree = "<group>"; };
		968AE0B665E063B8C7CDE0F6 /* Pods-Mindfulness Niels.release.xcconfig */ = {isa = PBXFileReference; includeInIndex = 1; lastKnownFileType = text.xcconfig; name = "Pods-Mindfulness Niels.release.xcconfig"; path = "Pods/Target Support Files/Pods-Mindfulness Niels/Pods-Mindfulness Niels.release.xcconfig"; sourceTree = "<group>"; };
		B302AC870CF2B90BEB7EC470 /* Pods-Mindfulness Niels.debug.xcconfig */ = {isa = PBXFileReference; includeInIndex = 1; lastKnownFileType = text.xcconfig; name = "Pods-Mindfulness Niels.debug.xcconfig"; path = "Pods/Target Support Files/Pods-Mindfulness Niels/Pods-Mindfulness Niels.debug.xcconfig"; sourceTree = "<group>"; };
		FD573AA54512CCB2557DD9D6 /* Pods_Mindfulness_Niels.framework */ = {isa = PBXFileReference; explicitFileType = wrapper.framework; includeInIndex = 0; path = Pods_Mindfulness_Niels.framework; sourceTree = BUILT_PRODUCTS_DIR; };
/* End PBXFileReference section */

/* Begin PBXFrameworksBuildPhase section */
		65788EDD1E37DA8300A6AC6A /* Frameworks */ = {
			isa = PBXFrameworksBuildPhase;
			buildActionMask = 2147483647;
			files = (
				65D452CD1E3FCEE10023EAA9 /* AVFoundation.framework in Frameworks */,
				95067312A9A2FF60ED238C66 /* Pods_Mindfulness_Niels.framework in Frameworks */,
			);
			runOnlyForDeploymentPostprocessing = 0;
		};
/* End PBXFrameworksBuildPhase section */

/* Begin PBXGroup section */
		651B09AF1E3E397D009075A9 /* Week1 */ = {
			isa = PBXGroup;
			children = (
				651B09BF1E3E3DFB009075A9 /* WeekIntro1.swift */,
				651B09C01E3E3DFB009075A9 /* WeekExercises1.swift */,
				651B09C21E3E3DFB009075A9 /* WeekAdditional1.swift */,
			);
			name = Week1;
			sourceTree = "<group>";
		};
		651B09B01E3E3B36009075A9 /* Week2 */ = {
			isa = PBXGroup;
			children = (
				651B09B71E3E3D7F009075A9 /* WeekIntro2.swift */,
				651B09B81E3E3D7F009075A9 /* WeekExercises2.swift */,
				651B09BA1E3E3D7F009075A9 /* WeekAdditional2.swift */,
			);
			name = Week2;
			sourceTree = "<group>";
		};
		651B09B11E3E3B3B009075A9 /* Week3 */ = {
			isa = PBXGroup;
			children = (
			);
			name = Week3;
			sourceTree = "<group>";
		};
		651B09B21E3E3B3F009075A9 /* Week4 */ = {
			isa = PBXGroup;
			children = (
			);
			name = Week4;
			sourceTree = "<group>";
		};
		651B09B31E3E3B43009075A9 /* Week5 */ = {
			isa = PBXGroup;
			children = (
			);
			name = Week5;
			sourceTree = "<group>";
		};
		651B09B41E3E3B4C009075A9 /* Week6 */ = {
			isa = PBXGroup;
			children = (
			);
			name = Week6;
			sourceTree = "<group>";
		};
		651B09B51E3E3B51009075A9 /* Week7 */ = {
			isa = PBXGroup;
			children = (
			);
			name = Week7;
			sourceTree = "<group>";
		};
		651B09B61E3E3B62009075A9 /* Week8 */ = {
			isa = PBXGroup;
			children = (
			);
			name = Week8;
			sourceTree = "<group>";
		};
		65788ED71E37DA8300A6AC6A = {
			isa = PBXGroup;
			children = (
				65788EE21E37DA8300A6AC6A /* Mindfulness Niels */,
				65788EE11E37DA8300A6AC6A /* Products */,
				BAB208018792C810B9FCA48B /* Pods */,
				6FB13A37D09FC09A2B879BC7 /* Frameworks */,
			);
			sourceTree = "<group>";
		};
		65788EE11E37DA8300A6AC6A /* Products */ = {
			isa = PBXGroup;
			children = (
				65788EE01E37DA8300A6AC6A /* Mindfulness Niels.app */,
			);
			name = Products;
			sourceTree = "<group>";
		};
		65788EE21E37DA8300A6AC6A /* Mindfulness Niels */ = {
			isa = PBXGroup;
			children = (
				65DE95611E3CDCD600A569D1 /* Resources */,
				65788EFA1E37DADE00A6AC6A /* Controller */,
				65788EF91E37DAD300A6AC6A /* View */,
				65788EF81E37DACC00A6AC6A /* Model */,
				65788EE31E37DA8300A6AC6A /* AppDelegate.swift */,
				651B09AD1E3E30A6009075A9 /* Main.storyboard */,
				65788EED1E37DA8300A6AC6A /* Assets.xcassets */,
				65788EEF1E37DA8300A6AC6A /* LaunchScreen.storyboard */,
				65788EF21E37DA8300A6AC6A /* Info.plist */,
				65788EEA1E37DA8300A6AC6A /* Mindfulness_Niels.xcdatamodeld */,
			);
			path = "Mindfulness Niels";
			sourceTree = "<group>";
		};
		65788EF81E37DACC00A6AC6A /* Model */ = {
			isa = PBXGroup;
			children = (
				65DE956C1E3D277800A569D1 /* SharedVars.swift */,
				6505F0971E3E7E650065D0A7 /* DailyQuote.swift */,
			);
			name = Model;
			sourceTree = "<group>";
		};
		65788EF91E37DAD300A6AC6A /* View */ = {
			isa = PBXGroup;
			children = (
				659299591E395907001B9B10 /* CustomView.swift */,
				65DE95531E3CD9BC00A569D1 /* CustomQuote.swift */,
				65E337C31E3E8430001FFE30 /* SegmentedControl.swift */,
			);
			name = View;
			sourceTree = "<group>";
		};
		65788EFA1E37DADE00A6AC6A /* Controller */ = {
			isa = PBXGroup;
			children = (
				651B09B61E3E3B62009075A9 /* Week8 */,
				651B09B51E3E3B51009075A9 /* Week7 */,
				651B09B41E3E3B4C009075A9 /* Week6 */,
				651B09B31E3E3B43009075A9 /* Week5 */,
				651B09B21E3E3B3F009075A9 /* Week4 */,
				651B09B11E3E3B3B009075A9 /* Week3 */,
				651B09B01E3E3B36009075A9 /* Week2 */,
				651B09AF1E3E397D009075A9 /* Week1 */,
				65788EE51E37DA8300A6AC6A /* MainVC.swift */,
				651B09C11E3E3DFB009075A9 /* WeekMain.swift */,
				656C58C91E391CB8009285B7 /* SideMenuVC.swift */,
				656C58CB1E391D60009285B7 /* MenuTableVC.swift */,
				659934A01E3E267F004C2ADF /* ScheduleTableVC.swift */,
				65D452C41E3FBE0A0023EAA9 /* AudioPlayerVC.swift */,
			);
			name = Controller;
			sourceTree = "<group>";
		};
		65DE95611E3CDCD600A569D1 /* Resources */ = {
			isa = PBXGroup;
			children = (
				65B6246E1E3FE02000A89488 /* 22 De soldaat.mp3 */,
				65D452C61E3FCD180023EAA9 /* 10. Mindfulness of the Breath.mp3 */,
				65D452C71E3FCD180023EAA9 /* 11.  Mindfulness of breathing and body mediation.mp3 */,
				65DE95511E3CD7A600A569D1 /* Quotes.txt */,
				65DE95551E3CDC4A00A569D1 /* QuotesAuthors.txt */,
				656C58CF1E393EC7009285B7 /* Week 1.html */,
				657065AF1E3951050029239E /* Week 2.html */,
				6561BAAF1E39514000B468BA /* Week 3.html */,
				65DE95571E3CDC9C00A569D1 /* Week 4.html */,
				65DE95591E3CDCA700A569D1 /* Week 5.html */,
				65DE955B1E3CDCB300A569D1 /* Week 6.html */,
				65DE955D1E3CDCC000A569D1 /* Week 7.html */,
				65DE955F1E3CDCCB00A569D1 /* Week 8.html */,
			);
			name = Resources;
			sourceTree = "<group>";
		};
		6FB13A37D09FC09A2B879BC7 /* Frameworks */ = {
			isa = PBXGroup;
			children = (
				65D452CC1E3FCEE10023EAA9 /* AVFoundation.framework */,
				FD573AA54512CCB2557DD9D6 /* Pods_Mindfulness_Niels.framework */,
			);
			name = Frameworks;
			sourceTree = "<group>";
		};
		BAB208018792C810B9FCA48B /* Pods */ = {
			isa = PBXGroup;
			children = (
				B302AC870CF2B90BEB7EC470 /* Pods-Mindfulness Niels.debug.xcconfig */,
				968AE0B665E063B8C7CDE0F6 /* Pods-Mindfulness Niels.release.xcconfig */,
			);
			name = Pods;
			sourceTree = "<group>";
		};
/* End PBXGroup section */

/* Begin PBXNativeTarget section */
		65788EDF1E37DA8300A6AC6A /* Mindfulness Niels */ = {
			isa = PBXNativeTarget;
			buildConfigurationList = 65788EF51E37DA8300A6AC6A /* Build configuration list for PBXNativeTarget "Mindfulness Niels" */;
			buildPhases = (
				D3EFA02E2E2CCDDB420DB3FA /* [CP] Check Pods Manifest.lock */,
				65788EDC1E37DA8300A6AC6A /* Sources */,
				65788EDD1E37DA8300A6AC6A /* Frameworks */,
				65788EDE1E37DA8300A6AC6A /* Resources */,
				C051CA67B75767A2E3196A21 /* [CP] Embed Pods Frameworks */,
				4D46092FBA33F1F1AB69D202 /* [CP] Copy Pods Resources */,
			);
			buildRules = (
			);
			dependencies = (
			);
			name = "Mindfulness Niels";
			productName = "Mindfulness Niels";
			productReference = 65788EE01E37DA8300A6AC6A /* Mindfulness Niels.app */;
			productType = "com.apple.product-type.application";
		};
/* End PBXNativeTarget section */

/* Begin PBXProject section */
		65788ED81E37DA8300A6AC6A /* Project object */ = {
			isa = PBXProject;
			attributes = {
				LastSwiftUpdateCheck = 0820;
				LastUpgradeCheck = 0820;
				ORGANIZATIONNAME = "Pieter Kuijsten";
				TargetAttributes = {
					65788EDF1E37DA8300A6AC6A = {
						CreatedOnToolsVersion = 8.2.1;
						DevelopmentTeam = E6GFV94F2M;
						ProvisioningStyle = Automatic;
					};
				};
			};
			buildConfigurationList = 65788EDB1E37DA8300A6AC6A /* Build configuration list for PBXProject "Mindfulness Niels" */;
			compatibilityVersion = "Xcode 3.2";
			developmentRegion = English;
			hasScannedForEncodings = 0;
			knownRegions = (
				en,
				Base,
			);
			mainGroup = 65788ED71E37DA8300A6AC6A;
			productRefGroup = 65788EE11E37DA8300A6AC6A /* Products */;
			projectDirPath = "";
			projectRoot = "";
			targets = (
				65788EDF1E37DA8300A6AC6A /* Mindfulness Niels */,
			);
		};
/* End PBXProject section */

/* Begin PBXResourcesBuildPhase section */
		65788EDE1E37DA8300A6AC6A /* Resources */ = {
			isa = PBXResourcesBuildPhase;
			buildActionMask = 2147483647;
			files = (
				65788EF11E37DA8300A6AC6A /* LaunchScreen.storyboard in Resources */,
				65788EEE1E37DA8300A6AC6A /* Assets.xcassets in Resources */,
				65DE95581E3CDC9C00A569D1 /* Week 4.html in Resources */,
				656C58D01E393EC7009285B7 /* Week 1.html in Resources */,
				65B6246F1E3FE02000A89488 /* 22 De soldaat.mp3 in Resources */,
				65DE95521E3CD7A600A569D1 /* Quotes.txt in Resources */,
				65DE955E1E3CDCC000A569D1 /* Week 7.html in Resources */,
				65D452C91E3FCD180023EAA9 /* 10. Mindfulness of the Breath.mp3 in Resources */,
				657065B01E3951050029239E /* Week 2.html in Resources */,
				65D452CA1E3FCD180023EAA9 /* 11.  Mindfulness of breathing and body mediation.mp3 in Resources */,
				651B09AE1E3E30A6009075A9 /* Main.storyboard in Resources */,
				65DE955C1E3CDCB300A569D1 /* Week 6.html in Resources */,
				65DE95601E3CDCCB00A569D1 /* Week 8.html in Resources */,
				65DE955A1E3CDCA700A569D1 /* Week 5.html in Resources */,
				65DE95561E3CDC4A00A569D1 /* QuotesAuthors.txt in Resources */,
				6561BAB01E39514000B468BA /* Week 3.html in Resources */,
			);
			runOnlyForDeploymentPostprocessing = 0;
		};
/* End PBXResourcesBuildPhase section */

/* Begin PBXShellScriptBuildPhase section */
		4D46092FBA33F1F1AB69D202 /* [CP] Copy Pods Resources */ = {
			isa = PBXShellScriptBuildPhase;
			buildActionMask = 2147483647;
			files = (
			);
			inputPaths = (
			);
			name = "[CP] Copy Pods Resources";
			outputPaths = (
			);
			runOnlyForDeploymentPostprocessing = 0;
			shellPath = /bin/sh;
			shellScript = "\"${SRCROOT}/Pods/Target Support Files/Pods-Mindfulness Niels/Pods-Mindfulness Niels-resources.sh\"\n";
			showEnvVarsInLog = 0;
		};
		C051CA67B75767A2E3196A21 /* [CP] Embed Pods Frameworks */ = {
			isa = PBXShellScriptBuildPhase;
			buildActionMask = 2147483647;
			files = (
			);
			inputPaths = (
			);
			name = "[CP] Embed Pods Frameworks";
			outputPaths = (
			);
			runOnlyForDeploymentPostprocessing = 0;
			shellPath = /bin/sh;
			shellScript = "\"${SRCROOT}/Pods/Target Support Files/Pods-Mindfulness Niels/Pods-Mindfulness Niels-frameworks.sh\"\n";
			showEnvVarsInLog = 0;
		};
		D3EFA02E2E2CCDDB420DB3FA /* [CP] Check Pods Manifest.lock */ = {
			isa = PBXShellScriptBuildPhase;
			buildActionMask = 2147483647;
			files = (
			);
			inputPaths = (
			);
			name = "[CP] Check Pods Manifest.lock";
			outputPaths = (
			);
			runOnlyForDeploymentPostprocessing = 0;
			shellPath = /bin/sh;
			shellScript = "diff \"${PODS_ROOT}/../Podfile.lock\" \"${PODS_ROOT}/Manifest.lock\" > /dev/null\nif [ $? != 0 ] ; then\n    # print error to STDERR\n    echo \"error: The sandbox is not in sync with the Podfile.lock. Run 'pod install' or update your CocoaPods installation.\" >&2\n    exit 1\nfi\n";
			showEnvVarsInLog = 0;
		};
/* End PBXShellScriptBuildPhase section */

/* Begin PBXSourcesBuildPhase section */
		65788EDC1E37DA8300A6AC6A /* Sources */ = {
			isa = PBXSourcesBuildPhase;
			buildActionMask = 2147483647;
			files = (
				65788EEC1E37DA8300A6AC6A /* Mindfulness_Niels.xcdatamodeld in Sources */,
				65DE956D1E3D277800A569D1 /* SharedVars.swift in Sources */,
				651B09BB1E3E3D7F009075A9 /* WeekIntro2.swift in Sources */,
				651B09C31E3E3DFB009075A9 /* WeekIntro1.swift in Sources */,
				65DE95541E3CD9BC00A569D1 /* CustomQuote.swift in Sources */,
				651B09C41E3E3DFB009075A9 /* WeekExercises1.swift in Sources */,
				651B09BC1E3E3D7F009075A9 /* WeekExercises2.swift in Sources */,
				651B09C61E3E3DFB009075A9 /* WeekAdditional1.swift in Sources */,
				651B09BE1E3E3D7F009075A9 /* WeekAdditional2.swift in Sources */,
				65788EE61E37DA8300A6AC6A /* MainVC.swift in Sources */,
				65E337C41E3E8430001FFE30 /* SegmentedControl.swift in Sources */,
				651B09C51E3E3DFB009075A9 /* WeekMain.swift in Sources */,
				6592995A1E395907001B9B10 /* CustomView.swift in Sources */,
				659934A11E3E267F004C2ADF /* ScheduleTableVC.swift in Sources */,
				65788EE41E37DA8300A6AC6A /* AppDelegate.swift in Sources */,
				656C58CC1E391D60009285B7 /* MenuTableVC.swift in Sources */,
				6505F0981E3E7E650065D0A7 /* DailyQuote.swift in Sources */,
				656C58CA1E391CB8009285B7 /* SideMenuVC.swift in Sources */,
				65D452C51E3FBE0A0023EAA9 /* AudioPlayerVC.swift in Sources */,
			);
			runOnlyForDeploymentPostprocessing = 0;
		};
/* End PBXSourcesBuildPhase section */

/* Begin PBXVariantGroup section */
		65788EEF1E37DA8300A6AC6A /* LaunchScreen.storyboard */ = {
			isa = PBXVariantGroup;
			children = (
				65788EF01E37DA8300A6AC6A /* Base */,
			);
			name = LaunchScreen.storyboard;
			sourceTree = "<group>";
		};
/* End PBXVariantGroup section */

/* Begin XCBuildConfiguration section */
		65788EF31E37DA8300A6AC6A /* Debug */ = {
			isa = XCBuildConfiguration;
			buildSettings = {
				ALWAYS_SEARCH_USER_PATHS = NO;
				CLANG_ANALYZER_NONNULL = YES;
				CLANG_CXX_LANGUAGE_STANDARD = "gnu++0x";
				CLANG_CXX_LIBRARY = "libc++";
				CLANG_ENABLE_MODULES = YES;
				CLANG_ENABLE_OBJC_ARC = YES;
				CLANG_WARN_BOOL_CONVERSION = YES;
				CLANG_WARN_CONSTANT_CONVERSION = YES;
				CLANG_WARN_DIRECT_OBJC_ISA_USAGE = YES_ERROR;
				CLANG_WARN_DOCUMENTATION_COMMENTS = YES;
				CLANG_WARN_EMPTY_BODY = YES;
				CLANG_WARN_ENUM_CONVERSION = YES;
				CLANG_WARN_INFINITE_RECURSION = YES;
				CLANG_WARN_INT_CONVERSION = YES;
				CLANG_WARN_OBJC_ROOT_CLASS = YES_ERROR;
				CLANG_WARN_SUSPICIOUS_MOVE = YES;
				CLANG_WARN_UNREACHABLE_CODE = YES;
				CLANG_WARN__DUPLICATE_METHOD_MATCH = YES;
				"CODE_SIGN_IDENTITY[sdk=iphoneos*]" = "iPhone Developer";
				ENABLE_STRICT_OBJC_MSGSEND = YES;
				ENABLE_TESTABILITY = YES;
				GCC_C_LANGUAGE_STANDARD = gnu99;
				GCC_DYNAMIC_NO_PIC = NO;
				GCC_NO_COMMON_BLOCKS = YES;
				GCC_OPTIMIZATION_LEVEL = 0;
				GCC_PREPROCESSOR_DEFINITIONS = (
					"DEBUG=1",
					"$(inherited)",
				);
				GCC_WARN_64_TO_32_BIT_CONVERSION = YES;
				GCC_WARN_ABOUT_RETURN_TYPE = YES_ERROR;
				GCC_WARN_UNDECLARED_SELECTOR = YES;
				GCC_WARN_UNINITIALIZED_AUTOS = YES_AGGRESSIVE;
				GCC_WARN_UNUSED_FUNCTION = YES;
				GCC_WARN_UNUSED_VARIABLE = YES;
				MTL_ENABLE_DEBUG_INFO = YES;
				ONLY_ACTIVE_ARCH = YES;
				SDKROOT = iphoneos;
				SWIFT_ACTIVE_COMPILATION_CONDITIONS = DEBUG;
				SWIFT_OPTIMIZATION_LEVEL = "-Onone";
			};
			name = Debug;
		};
		65788EF41E37DA8300A6AC6A /* Release */ = {
			isa = XCBuildConfiguration;
			buildSettings = {
				ALWAYS_SEARCH_USER_PATHS = NO;
				CLANG_ANALYZER_NONNULL = YES;
				CLANG_CXX_LANGUAGE_STANDARD = "gnu++0x";
				CLANG_CXX_LIBRARY = "libc++";
				CLANG_ENABLE_MODULES = YES;
				CLANG_ENABLE_OBJC_ARC = YES;
				CLANG_WARN_BOOL_CONVERSION = YES;
				CLANG_WARN_CONSTANT_CONVERSION = YES;
				CLANG_WARN_DIRECT_OBJC_ISA_USAGE = YES_ERROR;
				CLANG_WARN_DOCUMENTATION_COMMENTS = YES;
				CLANG_WARN_EMPTY_BODY = YES;
				CLANG_WARN_ENUM_CONVERSION = YES;
				CLANG_WARN_INFINITE_RECURSION = YES;
				CLANG_WARN_INT_CONVERSION = YES;
				CLANG_WARN_OBJC_ROOT_CLASS = YES_ERROR;
				CLANG_WARN_SUSPICIOUS_MOVE = YES;
				CLANG_WARN_UNREACHABLE_CODE = YES;
				CLANG_WARN__DUPLICATE_METHOD_MATCH = YES;
				"CODE_SIGN_IDENTITY[sdk=iphoneos*]" = "iPhone Developer";
				ENABLE_NS_ASSERTIONS = NO;
				ENABLE_STRICT_OBJC_MSGSEND = YES;
				GCC_C_LANGUAGE_STANDARD = gnu99;
				GCC_NO_COMMON_BLOCKS = YES;
				GCC_WARN_64_TO_32_BIT_CONVERSION = YES;
				GCC_WARN_ABOUT_RETURN_TYPE = YES_ERROR;
				GCC_WARN_UNDECLARED_SELECTOR = YES;
				GCC_WARN_UNINITIALIZED_AUTOS = YES_AGGRESSIVE;
				GCC_WARN_UNUSED_FUNCTION = YES;
				GCC_WARN_UNUSED_VARIABLE = YES;
				MTL_ENABLE_DEBUG_INFO = NO;
				SDKROOT = iphoneos;
				SWIFT_OPTIMIZATION_LEVEL = "-Owholemodule";
			};
			name = Release;
		};
		65788EF61E37DA8300A6AC6A /* Debug */ = {
			isa = XCBuildConfiguration;
			baseConfigurationReference = B302AC870CF2B90BEB7EC470 /* Pods-Mindfulness Niels.debug.xcconfig */;
			buildSettings = {
				ALWAYS_EMBED_SWIFT_STANDARD_LIBRARIES = YES;
				ASSETCATALOG_COMPILER_APPICON_NAME = AppIcon;
				DEVELOPMENT_TEAM = E6GFV94F2M;
				INFOPLIST_FILE = "Mindfulness Niels/Info.plist";
				LD_RUNPATH_SEARCH_PATHS = "$(inherited) @executable_path/Frameworks";
				PRODUCT_BUNDLE_IDENTIFIER = "PK.Mindfulness-Niels";
				PRODUCT_NAME = "$(TARGET_NAME)";
				SWIFT_VERSION = 3.0;
			};
			name = Debug;
		};
		65788EF71E37DA8300A6AC6A /* Release */ = {
			isa = XCBuildConfiguration;
			baseConfigurationReference = 968AE0B665E063B8C7CDE0F6 /* Pods-Mindfulness Niels.release.xcconfig */;
			buildSettings = {
				ALWAYS_EMBED_SWIFT_STANDARD_LIBRARIES = YES;
				ASSETCATALOG_COMPILER_APPICON_NAME = AppIcon;
				DEVELOPMENT_TEAM = E6GFV94F2M;
				INFOPLIST_FILE = "Mindfulness Niels/Info.plist";
				LD_RUNPATH_SEARCH_PATHS = "$(inherited) @executable_path/Frameworks";
				PRODUCT_BUNDLE_IDENTIFIER = "PK.Mindfulness-Niels";
				PRODUCT_NAME = "$(TARGET_NAME)";
				SWIFT_VERSION = 3.0;
			};
			name = Release;
		};
/* End XCBuildConfiguration section */

/* Begin XCConfigurationList section */
		65788EDB1E37DA8300A6AC6A /* Build configuration list for PBXProject "Mindfulness Niels" */ = {
			isa = XCConfigurationList;
			buildConfigurations = (
				65788EF31E37DA8300A6AC6A /* Debug */,
				65788EF41E37DA8300A6AC6A /* Release */,
			);
			defaultConfigurationIsVisible = 0;
			defaultConfigurationName = Release;
		};
		65788EF51E37DA8300A6AC6A /* Build configuration list for PBXNativeTarget "Mindfulness Niels" */ = {
			isa = XCConfigurationList;
			buildConfigurations = (
				65788EF61E37DA8300A6AC6A /* Debug */,
				65788EF71E37DA8300A6AC6A /* Release */,
			);
			defaultConfigurationIsVisible = 0;
			defaultConfigurationName = Release;
		};
/* End XCConfigurationList section */

/* Begin XCVersionGroup section */
		65788EEA1E37DA8300A6AC6A /* Mindfulness_Niels.xcdatamodeld */ = {
			isa = XCVersionGroup;
			children = (
				65788EEB1E37DA8300A6AC6A /* Mindfulness_Niels.xcdatamodel */,
			);
			currentVersion = 65788EEB1E37DA8300A6AC6A /* Mindfulness_Niels.xcdatamodel */;
			path = Mindfulness_Niels.xcdatamodeld;
			sourceTree = "<group>";
			versionGroupType = wrapper.xcdatamodel;
		};
/* End XCVersionGroup section */
	};
	rootObject = 65788ED81E37DA8300A6AC6A /* Project object */;
}
