// !$*UTF8*$!
{
	archiveVersion = 1;
	classes = {
	};
	objectVersion = 46;
	objects = {

/* Begin PBXBuildFile section */
		65788EE41E37DA8300A6AC6A /* AppDelegate.swift in Sources */ = {isa = PBXBuildFile; fileRef = 65788EE31E37DA8300A6AC6A /* AppDelegate.swift */; };
		65788EE61E37DA8300A6AC6A /* ViewController.swift in Sources */ = {isa = PBXBuildFile; fileRef = 65788EE51E37DA8300A6AC6A /* ViewController.swift */; };
		65788EE91E37DA8300A6AC6A /* Main.storyboard in Resources */ = {isa = PBXBuildFile; fileRef = 65788EE71E37DA8300A6AC6A /* Main.storyboard */; };
		65788EEC1E37DA8300A6AC6A /* Mindfulness_Niels.xcdatamodeld in Sources */ = {isa = PBXBuildFile; fileRef = 65788EEA1E37DA8300A6AC6A /* Mindfulness_Niels.xcdatamodeld */; };
		65788EEE1E37DA8300A6AC6A /* Assets.xcassets in Resources */ = {isa = PBXBuildFile; fileRef = 65788EED1E37DA8300A6AC6A /* Assets.xcassets */; };
		65788EF11E37DA8300A6AC6A /* LaunchScreen.storyboard in Resources */ = {isa = PBXBuildFile; fileRef = 65788EEF1E37DA8300A6AC6A /* LaunchScreen.storyboard */; };
/* End PBXBuildFile section */

/* Begin PBXFileReference section */
		65788EE01E37DA8300A6AC6A /* Mindfulness Niels.app */ = {isa = PBXFileReference; explicitFileType = wrapper.application; includeInIndex = 0; path = "Mindfulness Niels.app"; sourceTree = BUILT_PRODUCTS_DIR; };
		65788EE31E37DA8300A6AC6A /* AppDelegate.swift */ = {isa = PBXFileReference; lastKnownFileType = sourcecode.swift; path = AppDelegate.swift; sourceTree = "<group>"; };
		65788EE51E37DA8300A6AC6A /* ViewController.swift */ = {isa = PBXFileReference; lastKnownFileType = sourcecode.swift; path = ViewController.swift; sourceTree = "<group>"; };
		65788EE81E37DA8300A6AC6A /* Base */ = {isa = PBXFileReference; lastKnownFileType = file.storyboard; name = Base; path = Base.lproj/Main.storyboard; sourceTree = "<group>"; };
		65788EEB1E37DA8300A6AC6A /* Mindfulness_Niels.xcdatamodel */ = {isa = PBXFileReference; lastKnownFileType = wrapper.xcdatamodel; path = Mindfulness_Niels.xcdatamodel; sourceTree = "<group>"; };
		65788EED1E37DA8300A6AC6A /* Assets.xcassets */ = {isa = PBXFileReference; lastKnownFileType = folder.assetcatalog; path = Assets.xcassets; sourceTree = "<group>"; };
		65788EF01E37DA8300A6AC6A /* Base */ = {isa = PBXFileReference; lastKnownFileType = file.storyboard; name = Base; path = Base.lproj/LaunchScreen.storyboard; sourceTree = "<group>"; };
		65788EF21E37DA8300A6AC6A /* Info.plist */ = {isa = PBXFileReference; lastKnownFileType = text.plist.xml; path = Info.plist; sourceTree = "<group>"; };
/* End PBXFileReference section */

/* Begin PBXFrameworksBuildPhase section */
		65788EDD1E37DA8300A6AC6A /* Frameworks */ = {
			isa = PBXFrameworksBuildPhase;
			buildActionMask = 2147483647;
			files = (
			);
			runOnlyForDeploymentPostprocessing = 0;
		};
/* End PBXFrameworksBuildPhase section */

/* Begin PBXGroup section */
		65788ED71E37DA8300A6AC6A = {
			isa = PBXGroup;
			children = (
				65788EE21E37DA8300A6AC6A /* Mindfulness Niels */,
				65788EE11E37DA8300A6AC6A /* Products */,
			);
			sourceTree = "<group>";
		};
		65788EE11E37DA8300A6AC6A /* Products */ = {
			isa = PBXGroup;
			children = (
				65788EE01E37DA8300A6AC6A /* Mindfulness Niels.app */,
			);
			name = Products;
			sourceTree = "<group>";
		};
		65788EE21E37DA8300A6AC6A /* Mindfulness Niels */ = {
			isa = PBXGroup;
			children = (
				65788EE31E37DA8300A6AC6A /* AppDelegate.swift */,
				65788EE51E37DA8300A6AC6A /* ViewController.swift */,
				65788EE71E37DA8300A6AC6A /* Main.storyboard */,
				65788EED1E37DA8300A6AC6A /* Assets.xcassets */,
				65788EEF1E37DA8300A6AC6A /* LaunchScreen.storyboard */,
				65788EF21E37DA8300A6AC6A /* Info.plist */,
				65788EEA1E37DA8300A6AC6A /* Mindfulness_Niels.xcdatamodeld */,
			);
			path = "Mindfulness Niels";
			sourceTree = "<group>";
		};
/* End PBXGroup section */

/* Begin PBXNativeTarget section */
		65788EDF1E37DA8300A6AC6A /* Mindfulness Niels */ = {
			isa = PBXNativeTarget;
			buildConfigurationList = 65788EF51E37DA8300A6AC6A /* Build configuration list for PBXNativeTarget "Mindfulness Niels" */;
			buildPhases = (
				65788EDC1E37DA8300A6AC6A /* Sources */,
				65788EDD1E37DA8300A6AC6A /* Frameworks */,
				65788EDE1E37DA8300A6AC6A /* Resources */,
			);
			buildRules = (
			);
			dependencies = (
			);
			name = "Mindfulness Niels";
			productName = "Mindfulness Niels";
			productReference = 65788EE01E37DA8300A6AC6A /* Mindfulness Niels.app */;
			productType = "com.apple.product-type.application";
		};
/* End PBXNativeTarget section */

/* Begin PBXProject section */
		65788ED81E37DA8300A6AC6A /* Project object */ = {
			isa = PBXProject;
			attributes = {
				LastSwiftUpdateCheck = 0820;
				LastUpgradeCheck = 0820;
				ORGANIZATIONNAME = "Pieter Kuijsten";
				TargetAttributes = {
					65788EDF1E37DA8300A6AC6A = {
						CreatedOnToolsVersion = 8.2.1;
						DevelopmentTeam = E6GFV94F2M;
						ProvisioningStyle = Automatic;
					};
				};
			};
			buildConfigurationList = 65788EDB1E37DA8300A6AC6A /* Build configuration list for PBXProject "Mindfulness Niels" */;
			compatibilityVersion = "Xcode 3.2";
			developmentRegion = English;
			hasScannedForEncodings = 0;
			knownRegions = (
				en,
				Base,
			);
			mainGroup = 65788ED71E37DA8300A6AC6A;
			productRefGroup = 65788EE11E37DA8300A6AC6A /* Products */;
			projectDirPath = "";
			projectRoot = "";
			targets = (
				65788EDF1E37DA8300A6AC6A /* Mindfulness Niels */,
			);
		};
/* End PBXProject section */

/* Begin PBXResourcesBuildPhase section */
		65788EDE1E37DA8300A6AC6A /* Resources */ = {
			isa = PBXResourcesBuildPhase;
			buildActionMask = 2147483647;
			files = (
				65788EF11E37DA8300A6AC6A /* LaunchScreen.storyboard in Resources */,
				65788EEE1E37DA8300A6AC6A /* Assets.xcassets in Resources */,
				65788EE91E37DA8300A6AC6A /* Main.storyboard in Resources */,
			);
			runOnlyForDeploymentPostprocessing = 0;
		};
/* End PBXResourcesBuildPhase section */

/* Begin PBXSourcesBuildPhase section */
		65788EDC1E37DA8300A6AC6A /* Sources */ = {
			isa = PBXSourcesBuildPhase;
			buildActionMask = 2147483647;
			files = (
				65788EEC1E37DA8300A6AC6A /* Mindfulness_Niels.xcdatamodeld in Sources */,
				65788EE61E37DA8300A6AC6A /* ViewController.swift in Sources */,
				65788EE41E37DA8300A6AC6A /* AppDelegate.swift in Sources */,
			);
			runOnlyForDeploymentPostprocessing = 0;
		};
/* End PBXSourcesBuildPhase section */

/* Begin PBXVariantGroup section */
		65788EE71E37DA8300A6AC6A /* Main.storyboard */ = {
			isa = PBXVariantGroup;
			children = (
				65788EE81E37DA8300A6AC6A /* Base */,
			);
			name = Main.storyboard;
			sourceTree = "<group>";
		};
		65788EEF1E37DA8300A6AC6A /* LaunchScreen.storyboard */ = {
			isa = PBXVariantGroup;
			children = (
				65788EF01E37DA8300A6AC6A /* Base */,
			);
			name = LaunchScreen.storyboard;
			sourceTree = "<group>";
		};
/* End PBXVariantGroup section */

/* Begin XCBuildConfiguration section */
		65788EF31E37DA8300A6AC6A /* Debug */ = {
			isa = XCBuildConfiguration;
			buildSettings = {
				ALWAYS_SEARCH_USER_PATHS = NO;
				CLANG_ANALYZER_NONNULL = YES;
				CLANG_CXX_LANGUAGE_STANDARD = "gnu++0x";
				CLANG_CXX_LIBRARY = "libc++";
				CLANG_ENABLE_MODULES = YES;
				CLANG_ENABLE_OBJC_ARC = YES;
				CLANG_WARN_BOOL_CONVERSION = YES;
				CLANG_WARN_CONSTANT_CONVERSION = YES;
				CLANG_WARN_DIRECT_OBJC_ISA_USAGE = YES_ERROR;
				CLANG_WARN_DOCUMENTATION_COMMENTS = YES;
				CLANG_WARN_EMPTY_BODY = YES;
				CLANG_WARN_ENUM_CONVERSION = YES;
				CLANG_WARN_INFINITE_RECURSION = YES;
				CLANG_WARN_INT_CONVERSION = YES;
				CLANG_WARN_OBJC_ROOT_CLASS = YES_ERROR;
				CLANG_WARN_SUSPICIOUS_MOVE = YES;
				CLANG_WARN_UNREACHABLE_CODE = YES;
				CLANG_WARN__DUPLICATE_METHOD_MATCH = YES;
				"CODE_SIGN_IDENTITY[sdk=iphoneos*]" = "iPhone Developer";
				COPY_PHASE_STRIP = NO;
				DEBUG_INFORMATION_FORMAT = dwarf;
				ENABLE_STRICT_OBJC_MSGSEND = YES;
				ENABLE_TESTABILITY = YES;
				GCC_C_LANGUAGE_STANDARD = gnu99;
				GCC_DYNAMIC_NO_PIC = NO;
				GCC_NO_COMMON_BLOCKS = YES;
				GCC_OPTIMIZATION_LEVEL = 0;
				GCC_PREPROCESSOR_DEFINITIONS = (
					"DEBUG=1",
					"$(inherited)",
				);
				GCC_WARN_64_TO_32_BIT_CONVERSION = YES;
				GCC_WARN_ABOUT_RETURN_TYPE = YES_ERROR;
				GCC_WARN_UNDECLARED_SELECTOR = YES;
				GCC_WARN_UNINITIALIZED_AUTOS = YES_AGGRESSIVE;
				GCC_WARN_UNUSED_FUNCTION = YES;
				GCC_WARN_UNUSED_VARIABLE = YES;
				IPHONEOS_DEPLOYMENT_TARGET = 10.2;
				MTL_ENABLE_DEBUG_INFO = YES;
				ONLY_ACTIVE_ARCH = YES;
				SDKROOT = iphoneos;
				SWIFT_ACTIVE_COMPILATION_CONDITIONS = DEBUG;
				SWIFT_OPTIMIZATION_LEVEL = "-Onone";
			};
			name = Debug;
		};
		65788EF41E37DA8300A6AC6A /* Release */ = {
			isa = XCBuildConfiguration;
			buildSettings = {
				ALWAYS_SEARCH_USER_PATHS = NO;
				CLANG_ANALYZER_NONNULL = YES;
				CLANG_CXX_LANGUAGE_STANDARD = "gnu++0x";
				CLANG_CXX_LIBRARY = "libc++";
				CLANG_ENABLE_MODULES = YES;
				CLANG_ENABLE_OBJC_ARC = YES;
				CLANG_WARN_BOOL_CONVERSION = YES;
				CLANG_WARN_CONSTANT_CONVERSION = YES;
				CLANG_WARN_DIRECT_OBJC_ISA_USAGE = YES_ERROR;
				CLANG_WARN_DOCUMENTATION_COMMENTS = YES;
				CLANG_WARN_EMPTY_BODY = YES;
				CLANG_WARN_ENUM_CONVERSION = YES;
				CLANG_WARN_INFINITE_RECURSION = YES;
				CLANG_WARN_INT_CONVERSION = YES;
				CLANG_WARN_OBJC_ROOT_CLASS = YES_ERROR;
				CLANG_WARN_SUSPICIOUS_MOVE = YES;
				CLANG_WARN_UNREACHABLE_CODE = YES;
				CLANG_WARN__DUPLICATE_METHOD_MATCH = YES;
				"CODE_SIGN_IDENTITY[sdk=iphoneos*]" = "iPhone Developer";
				COPY_PHASE_STRIP = NO;
				DEBUG_INFORMATION_FORMAT = "dwarf-with-dsym";
				ENABLE_NS_ASSERTIONS = NO;
				ENABLE_STRICT_OBJC_MSGSEND = YES;
				GCC_C_LANGUAGE_STANDARD = gnu99;
				GCC_NO_COMMON_BLOCKS = YES;
				GCC_WARN_64_TO_32_BIT_CONVERSION = YES;
				GCC_WARN_ABOUT_RETURN_TYPE = YES_ERROR;
				GCC_WARN_UNDECLARED_SELECTOR = YES;
				GCC_WARN_UNINITIALIZED_AUTOS = YES_AGGRESSIVE;
				GCC_WARN_UNUSED_FUNCTION = YES;
				GCC_WARN_UNUSED_VARIABLE = YES;
				IPHONEOS_DEPLOYMENT_TARGET = 10.2;
				MTL_ENABLE_DEBUG_INFO = NO;
				SDKROOT = iphoneos;
				SWIFT_OPTIMIZATION_LEVEL = "-Owholemodule";
				VALIDATE_PRODUCT = YES;
			};
			name = Release;
		};
		65788EF61E37DA8300A6AC6A /* Debug */ = {
			isa = XCBuildConfiguration;
			buildSettings = {
				ASSETCATALOG_COMPILER_APPICON_NAME = AppIcon;
				DEVELOPMENT_TEAM = E6GFV94F2M;
				INFOPLIST_FILE = "Mindfulness Niels/Info.plist";
				LD_RUNPATH_SEARCH_PATHS = "$(inherited) @executable_path/Frameworks";
				PRODUCT_BUNDLE_IDENTIFIER = "PK.Mindfulness-Niels";
				PRODUCT_NAME = "$(TARGET_NAME)";
				SWIFT_VERSION = 3.0;
			};
			name = Debug;
		};
		65788EF71E37DA8300A6AC6A /* Release */ = {
			isa = XCBuildConfiguration;
			buildSettings = {
				ASSETCATALOG_COMPILER_APPICON_NAME = AppIcon;
				DEVELOPMENT_TEAM = E6GFV94F2M;
				INFOPLIST_FILE = "Mindfulness Niels/Info.plist";
				LD_RUNPATH_SEARCH_PATHS = "$(inherited) @executable_path/Frameworks";
				PRODUCT_BUNDLE_IDENTIFIER = "PK.Mindfulness-Niels";
				PRODUCT_NAME = "$(TARGET_NAME)";
				SWIFT_VERSION = 3.0;
			};
			name = Release;
		};
/* End XCBuildConfiguration section */

/* Begin XCConfigurationList section */
		65788EDB1E37DA8300A6AC6A /* Build configuration list for PBXProject "Mindfulness Niels" */ = {
			isa = XCConfigurationList;
			buildConfigurations = (
				65788EF31E37DA8300A6AC6A /* Debug */,
				65788EF41E37DA8300A6AC6A /* Release */,
			);
			defaultConfigurationIsVisible = 0;
			defaultConfigurationName = Release;
		};
		65788EF51E37DA8300A6AC6A /* Build configuration list for PBXNativeTarget "Mindfulness Niels" */ = {
			isa = XCConfigurationList;
			buildConfigurations = (
				65788EF61E37DA8300A6AC6A /* Debug */,
				65788EF71E37DA8300A6AC6A /* Release */,
			);
			defaultConfigurationIsVisible = 0;
		};
/* End XCConfigurationList section */

/* Begin XCVersionGroup section */
		65788EEA1E37DA8300A6AC6A /* Mindfulness_Niels.xcdatamodeld */ = {
			isa = XCVersionGroup;
			children = (
				65788EEB1E37DA8300A6AC6A /* Mindfulness_Niels.xcdatamodel */,
			);
			currentVersion = 65788EEB1E37DA8300A6AC6A /* Mindfulness_Niels.xcdatamodel */;
			path = Mindfulness_Niels.xcdatamodeld;
			sourceTree = "<group>";
			versionGroupType = wrapper.xcdatamodel;
		};
/* End XCVersionGroup section */
	};
	rootObject = 65788ED81E37DA8300A6AC6A /* Project object */;
}
